
Microsoft Visual Studio Solution File, Format Version 12.00
# Visual Studio Version 17
VisualStudioVersion = 17.14.36221.1 d17.14
MinimumVisualStudioVersion = 10.0.40219.1
Project("{FAE04EC0-301F-11D3-BF4B-00C04F79EFBC}") = "kerberos_sample", "kerberos_sample.csproj", "{8ED2AD0F-0FC6-6F22-DBC2-809A792ED469}"
EndProject
Global
	GlobalSection(SolutionConfigurationPlatforms) = preSolution
		Debug|Any CPU = Debug|Any CPU
		Release|Any CPU = Release|Any CPU
	EndGlobalSection
	GlobalSection(ProjectConfigurationPlatforms) = postSolution
		{8ED2AD0F-0FC6-6F22-DBC2-809A792ED469}.Debug|Any CPU.ActiveCfg = Debug|Any CPU
		{8ED2AD0F-0FC6-6F22-DBC2-809A792ED469}.Debug|Any CPU.Build.0 = Debug|Any CPU
		{8ED2AD0F-0FC6-6F22-DBC2-809A792ED469}.Release|Any CPU.ActiveCfg = Release|Any CPU
		{8ED2AD0F-0FC6-6F22-DBC2-809A792ED469}.Release|Any CPU.Build.0 = Release|Any CPU
	EndGlobalSection
	GlobalSection(SolutionProperties) = preSolution
		HideSolutionNode = FALSE
	EndGlobalSection
	GlobalSection(ExtensibilityGlobals) = postSolution
		SolutionGuid = {DE295567-257E-4A89-B8DF-6AA6EF969340}
	EndGlobalSection
EndGlobal
